
Microsoft Visual Studio Solution File, Format Version 12.00
# Visual Studio 14
VisualStudioVersion = 14.0.25123.0
MinimumVisualStudioVersion = 10.0.40219.1
Project("{FAE04EC0-301F-11D3-BF4B-00C04F79EFBC}") = "ISE17_project", "ISE17_project\ISE17_project.csproj", "{DAF7D000-2CD4-4557-8230-8F14200C3ECC}"
EndProject
Project("{FAE04EC0-301F-11D3-BF4B-00C04F79EFBC}") = "MarketClient", "ISE17_project\MarketClient\MarketClient.csproj", "{371E8EA8-CE7A-4AB2-85E5-EAC135DF4A26}"
EndProject
Project("{FAE04EC0-301F-11D3-BF4B-00C04F79EFBC}") = "BusinessLayer", "BusinessLayer\BusinessLayer.csproj", "{8DE44456-B0A7-4E5B-86B5-88E65E9BA422}"
EndProject
Global
	GlobalSection(SolutionConfigurationPlatforms) = preSolution
		Debug|Any CPU = Debug|Any CPU
		Release|Any CPU = Release|Any CPU
	EndGlobalSection
	GlobalSection(ProjectConfigurationPlatforms) = postSolution
		{DAF7D000-2CD4-4557-8230-8F14200C3ECC}.Debug|Any CPU.ActiveCfg = Debug|Any CPU
		{DAF7D000-2CD4-4557-8230-8F14200C3ECC}.Debug|Any CPU.Build.0 = Debug|Any CPU
		{DAF7D000-2CD4-4557-8230-8F14200C3ECC}.Release|Any CPU.ActiveCfg = Release|Any CPU
		{DAF7D000-2CD4-4557-8230-8F14200C3ECC}.Release|Any CPU.Build.0 = Release|Any CPU
		{371E8EA8-CE7A-4AB2-85E5-EAC135DF4A26}.Debug|Any CPU.ActiveCfg = Debug|Any CPU
		{371E8EA8-CE7A-4AB2-85E5-EAC135DF4A26}.Debug|Any CPU.Build.0 = Debug|Any CPU
		{371E8EA8-CE7A-4AB2-85E5-EAC135DF4A26}.Release|Any CPU.ActiveCfg = Release|Any CPU
		{371E8EA8-CE7A-4AB2-85E5-EAC135DF4A26}.Release|Any CPU.Build.0 = Release|Any CPU
		{8DE44456-B0A7-4E5B-86B5-88E65E9BA422}.Debug|Any CPU.ActiveCfg = Debug|Any CPU
		{8DE44456-B0A7-4E5B-86B5-88E65E9BA422}.Debug|Any CPU.Build.0 = Debug|Any CPU
		{8DE44456-B0A7-4E5B-86B5-88E65E9BA422}.Release|Any CPU.ActiveCfg = Release|Any CPU
		{8DE44456-B0A7-4E5B-86B5-88E65E9BA422}.Release|Any CPU.Build.0 = Release|Any CPU
	EndGlobalSection
	GlobalSection(SolutionProperties) = preSolution
		HideSolutionNode = FALSE
	EndGlobalSection
EndGlobal
